
Microsoft Visual Studio Solution File, Format Version 12.00
# Visual Studio Version 16
VisualStudioVersion = 16.0.30330.147
MinimumVisualStudioVersion = 10.0.40219.1
Project("{9A19103F-16F7-4668-BE54-9A1E7A4F7556}") = "Refactoring_Exercise1", "Refactoring_Exercise1\Refactoring_Exercise1.csproj", "{88985D0A-7362-41E9-9610-1E9EA793DBE1}"
EndProject
Global
	GlobalSection(SolutionConfigurationPlatforms) = preSolution
		Debug|Any CPU = Debug|Any CPU
		Release|Any CPU = Release|Any CPU
	EndGlobalSection
	GlobalSection(ProjectConfigurationPlatforms) = postSolution
		{88985D0A-7362-41E9-9610-1E9EA793DBE1}.Debug|Any CPU.ActiveCfg = Debug|Any CPU
		{88985D0A-7362-41E9-9610-1E9EA793DBE1}.Debug|Any CPU.Build.0 = Debug|Any CPU
		{88985D0A-7362-41E9-9610-1E9EA793DBE1}.Release|Any CPU.ActiveCfg = Release|Any CPU
		{88985D0A-7362-41E9-9610-1E9EA793DBE1}.Release|Any CPU.Build.0 = Release|Any CPU
	EndGlobalSection
	GlobalSection(SolutionProperties) = preSolution
		HideSolutionNode = FALSE
	EndGlobalSection
	GlobalSection(ExtensibilityGlobals) = postSolution
		SolutionGuid = {BD740760-07DE-491F-A397-946E1B5CBDB3}
	EndGlobalSection
EndGlobal
